// !$*UTF8*$!
{
	archiveVersion = 1;
	classes = {
	};
	objectVersion = 46;
	objects = {

/* Begin PBXBuildFile section */
		EB33D6001A278DF000C9D6A6 /* AppDelegate.swift in Sources */ = {isa = PBXBuildFile; fileRef = EB33D5FF1A278DF000C9D6A6 /* AppDelegate.swift */; };
		EB33D6021A278DF000C9D6A6 /* ViewController.swift in Sources */ = {isa = PBXBuildFile; fileRef = EB33D6011A278DF000C9D6A6 /* ViewController.swift */; };
		EB33D6051A278DF000C9D6A6 /* Main.storyboard in Resources */ = {isa = PBXBuildFile; fileRef = EB33D6031A278DF000C9D6A6 /* Main.storyboard */; };
		EB33D6071A278DF000C9D6A6 /* Images.xcassets in Resources */ = {isa = PBXBuildFile; fileRef = EB33D6061A278DF000C9D6A6 /* Images.xcassets */; };
		EB33D60A1A278DF000C9D6A6 /* LaunchScreen.xib in Resources */ = {isa = PBXBuildFile; fileRef = EB33D6081A278DF000C9D6A6 /* LaunchScreen.xib */; };
		EB33D6161A278DF000C9D6A6 /* PunsTests.swift in Sources */ = {isa = PBXBuildFile; fileRef = EB33D6151A278DF000C9D6A6 /* PunsTests.swift */; };
		EB33D6201A2793AE00C9D6A6 /* PunBook.swift in Sources */ = {isa = PBXBuildFile; fileRef = EB33D61F1A2793AE00C9D6A6 /* PunBook.swift */; };
		EB33D6221A279EA700C9D6A6 /* ColorWheel.swift in Sources */ = {isa = PBXBuildFile; fileRef = EB33D6211A279EA700C9D6A6 /* ColorWheel.swift */; };
		EB33D64F1A27DCC200C9D6A6 /* Alamofire.framework in Frameworks */ = {isa = PBXBuildFile; fileRef = EB33D64C1A27DC3700C9D6A6 /* Alamofire.framework */; };
		EBB8DE441A28390D007B9E9A /* WatchKit.framework in Frameworks */ = {isa = PBXBuildFile; fileRef = EBB8DE431A28390D007B9E9A /* WatchKit.framework */; };
		EBB8DE4A1A28390D007B9E9A /* InterfaceController.swift in Sources */ = {isa = PBXBuildFile; fileRef = EBB8DE491A28390D007B9E9A /* InterfaceController.swift */; };
		EBB8DE4C1A28390D007B9E9A /* NotificationController.swift in Sources */ = {isa = PBXBuildFile; fileRef = EBB8DE4B1A28390D007B9E9A /* NotificationController.swift */; };
		EBB8DE4E1A28390D007B9E9A /* Images.xcassets in Resources */ = {isa = PBXBuildFile; fileRef = EBB8DE4D1A28390D007B9E9A /* Images.xcassets */; };
		EBB8DE521A28390D007B9E9A /* Puns Watch App.app in Resources */ = {isa = PBXBuildFile; fileRef = EBB8DE511A28390D007B9E9A /* Puns Watch App.app */; };
		EBB8DE591A28390D007B9E9A /* Interface.storyboard in Resources */ = {isa = PBXBuildFile; fileRef = EBB8DE581A28390D007B9E9A /* Interface.storyboard */; };
		EBB8DE5B1A28390D007B9E9A /* Images.xcassets in Resources */ = {isa = PBXBuildFile; fileRef = EBB8DE5A1A28390D007B9E9A /* Images.xcassets */; };
		EBB8DE5E1A28390D007B9E9A /* Puns WatchKit Extension.appex in Embed App Extensions */ = {isa = PBXBuildFile; fileRef = EBB8DE411A28390D007B9E9A /* Puns WatchKit Extension.appex */; settings = {ATTRIBUTES = (RemoveHeadersOnCopy, ); }; };
		EBB8DE691A28EEAF007B9E9A /* SwiftyJSON.swift in Sources */ = {isa = PBXBuildFile; fileRef = EBB8DE681A28EEAE007B9E9A /* SwiftyJSON.swift */; };
/* End PBXBuildFile section */

/* Begin PBXContainerItemProxy section */
		EB33D6101A278DF000C9D6A6 /* PBXContainerItemProxy */ = {
			isa = PBXContainerItemProxy;
			containerPortal = EB33D5F21A278DF000C9D6A6 /* Project object */;
			proxyType = 1;
			remoteGlobalIDString = EB33D5F91A278DF000C9D6A6;
			remoteInfo = Puns;
		};
		EB33D64B1A27DC3700C9D6A6 /* PBXContainerItemProxy */ = {
			isa = PBXContainerItemProxy;
			containerPortal = EB33D63A1A27D78700C9D6A6 /* Alamofire.xcodeproj */;
			proxyType = 2;
			remoteGlobalIDString = F8111E3319A95C8B0040E7D1;
			remoteInfo = Alamofire;
		};
		EB33D64D1A27DC3700C9D6A6 /* PBXContainerItemProxy */ = {
			isa = PBXContainerItemProxy;
			containerPortal = EB33D63A1A27D78700C9D6A6 /* Alamofire.xcodeproj */;
			proxyType = 2;
			remoteGlobalIDString = F8111E3E19A95C8B0040E7D1;
			remoteInfo = AlamofireTests;
		};
		EBB8DE531A28390D007B9E9A /* PBXContainerItemProxy */ = {
			isa = PBXContainerItemProxy;
			containerPortal = EB33D5F21A278DF000C9D6A6 /* Project object */;
			proxyType = 1;
			remoteGlobalIDString = EBB8DE501A28390D007B9E9A;
			remoteInfo = "Puns Watch App";
		};
		EBB8DE5C1A28390D007B9E9A /* PBXContainerItemProxy */ = {
			isa = PBXContainerItemProxy;
			containerPortal = EB33D5F21A278DF000C9D6A6 /* Project object */;
			proxyType = 1;
			remoteGlobalIDString = EBB8DE401A28390D007B9E9A;
			remoteInfo = "Puns WatchKit Extension";
		};
/* End PBXContainerItemProxy section */

/* Begin PBXCopyFilesBuildPhase section */
		EB33D6451A27DB4200C9D6A6 /* Copy Files (1 item) */ = {
			isa = PBXCopyFilesBuildPhase;
			buildActionMask = 2147483647;
			dstPath = "";
			dstSubfolderSpec = 10;
			files = (
			);
			name = "Copy Files (1 item)";
			runOnlyForDeploymentPostprocessing = 0;
		};
		EBB8DE671A28390D007B9E9A /* Embed App Extensions */ = {
			isa = PBXCopyFilesBuildPhase;
			buildActionMask = 2147483647;
			dstPath = "";
			dstSubfolderSpec = 13;
			files = (
				EBB8DE5E1A28390D007B9E9A /* Puns WatchKit Extension.appex in Embed App Extensions */,
			);
			name = "Embed App Extensions";
			runOnlyForDeploymentPostprocessing = 0;
		};
/* End PBXCopyFilesBuildPhase section */

/* Begin PBXFileReference section */
		EB33D5FA1A278DF000C9D6A6 /* Puns.app */ = {isa = PBXFileReference; explicitFileType = wrapper.application; includeInIndex = 0; path = Puns.app; sourceTree = BUILT_PRODUCTS_DIR; };
		EB33D5FE1A278DF000C9D6A6 /* Info.plist */ = {isa = PBXFileReference; lastKnownFileType = text.plist.xml; path = Info.plist; sourceTree = "<group>"; };
		EB33D5FF1A278DF000C9D6A6 /* AppDelegate.swift */ = {isa = PBXFileReference; lastKnownFileType = sourcecode.swift; path = AppDelegate.swift; sourceTree = "<group>"; };
		EB33D6011A278DF000C9D6A6 /* ViewController.swift */ = {isa = PBXFileReference; lastKnownFileType = sourcecode.swift; path = ViewController.swift; sourceTree = "<group>"; };
		EB33D6041A278DF000C9D6A6 /* Base */ = {isa = PBXFileReference; lastKnownFileType = file.storyboard; name = Base; path = Base.lproj/Main.storyboard; sourceTree = "<group>"; };
		EB33D6061A278DF000C9D6A6 /* Images.xcassets */ = {isa = PBXFileReference; lastKnownFileType = folder.assetcatalog; path = Images.xcassets; sourceTree = "<group>"; };
		EB33D6091A278DF000C9D6A6 /* Base */ = {isa = PBXFileReference; lastKnownFileType = file.xib; name = Base; path = Base.lproj/LaunchScreen.xib; sourceTree = "<group>"; };
		EB33D60F1A278DF000C9D6A6 /* PunsTests.xctest */ = {isa = PBXFileReference; explicitFileType = wrapper.cfbundle; includeInIndex = 0; path = PunsTests.xctest; sourceTree = BUILT_PRODUCTS_DIR; };
		EB33D6141A278DF000C9D6A6 /* Info.plist */ = {isa = PBXFileReference; lastKnownFileType = text.plist.xml; path = Info.plist; sourceTree = "<group>"; };
		EB33D6151A278DF000C9D6A6 /* PunsTests.swift */ = {isa = PBXFileReference; lastKnownFileType = sourcecode.swift; path = PunsTests.swift; sourceTree = "<group>"; };
		EB33D61F1A2793AE00C9D6A6 /* PunBook.swift */ = {isa = PBXFileReference; fileEncoding = 4; lastKnownFileType = sourcecode.swift; path = PunBook.swift; sourceTree = "<group>"; };
		EB33D6211A279EA700C9D6A6 /* ColorWheel.swift */ = {isa = PBXFileReference; fileEncoding = 4; lastKnownFileType = sourcecode.swift; path = ColorWheel.swift; sourceTree = "<group>"; };
		EB33D63A1A27D78700C9D6A6 /* Alamofire.xcodeproj */ = {isa = PBXFileReference; lastKnownFileType = "wrapper.pb-project"; name = Alamofire.xcodeproj; path = ../Alamofire/Alamofire.xcodeproj; sourceTree = "<group>"; };
		EBB8DE411A28390D007B9E9A /* Puns WatchKit Extension.appex */ = {isa = PBXFileReference; explicitFileType = "wrapper.app-extension"; includeInIndex = 0; path = "Puns WatchKit Extension.appex"; sourceTree = BUILT_PRODUCTS_DIR; };
		EBB8DE431A28390D007B9E9A /* WatchKit.framework */ = {isa = PBXFileReference; lastKnownFileType = wrapper.framework; name = WatchKit.framework; path = System/Library/Frameworks/WatchKit.framework; sourceTree = SDKROOT; };
		EBB8DE471A28390D007B9E9A /* Info.plist */ = {isa = PBXFileReference; lastKnownFileType = text.plist.xml; path = Info.plist; sourceTree = "<group>"; };
		EBB8DE481A28390D007B9E9A /* PushNotificationPayload.json */ = {isa = PBXFileReference; lastKnownFileType = text.json; path = PushNotificationPayload.json; sourceTree = "<group>"; };
		EBB8DE491A28390D007B9E9A /* InterfaceController.swift */ = {isa = PBXFileReference; lastKnownFileType = sourcecode.swift; path = InterfaceController.swift; sourceTree = "<group>"; };
		EBB8DE4B1A28390D007B9E9A /* NotificationController.swift */ = {isa = PBXFileReference; lastKnownFileType = sourcecode.swift; path = NotificationController.swift; sourceTree = "<group>"; };
		EBB8DE4D1A28390D007B9E9A /* Images.xcassets */ = {isa = PBXFileReference; lastKnownFileType = folder.assetcatalog; path = Images.xcassets; sourceTree = "<group>"; };
		EBB8DE511A28390D007B9E9A /* Puns Watch App.app */ = {isa = PBXFileReference; explicitFileType = wrapper.application; includeInIndex = 0; path = "Puns Watch App.app"; sourceTree = BUILT_PRODUCTS_DIR; };
		EBB8DE571A28390D007B9E9A /* Info.plist */ = {isa = PBXFileReference; lastKnownFileType = text.plist.xml; path = Info.plist; sourceTree = "<group>"; };
		EBB8DE581A28390D007B9E9A /* Interface.storyboard */ = {isa = PBXFileReference; lastKnownFileType = file.storyboard; path = Interface.storyboard; sourceTree = "<group>"; };
		EBB8DE5A1A28390D007B9E9A /* Images.xcassets */ = {isa = PBXFileReference; lastKnownFileType = folder.assetcatalog; path = Images.xcassets; sourceTree = "<group>"; };
		EBB8DE681A28EEAE007B9E9A /* SwiftyJSON.swift */ = {isa = PBXFileReference; fileEncoding = 4; lastKnownFileType = sourcecode.swift; path = SwiftyJSON.swift; sourceTree = "<group>"; };
/* End PBXFileReference section */

/* Begin PBXFrameworksBuildPhase section */
		EB33D5F71A278DF000C9D6A6 /* Frameworks */ = {
			isa = PBXFrameworksBuildPhase;
			buildActionMask = 2147483647;
			files = (
				EB33D64F1A27DCC200C9D6A6 /* Alamofire.framework in Frameworks */,
			);
			runOnlyForDeploymentPostprocessing = 0;
		};
		EB33D60C1A278DF000C9D6A6 /* Frameworks */ = {
			isa = PBXFrameworksBuildPhase;
			buildActionMask = 2147483647;
			files = (
			);
			runOnlyForDeploymentPostprocessing = 0;
		};
		EBB8DE3E1A28390D007B9E9A /* Frameworks */ = {
			isa = PBXFrameworksBuildPhase;
			buildActionMask = 2147483647;
			files = (
				EBB8DE441A28390D007B9E9A /* WatchKit.framework in Frameworks */,
			);
			runOnlyForDeploymentPostprocessing = 0;
		};
/* End PBXFrameworksBuildPhase section */

/* Begin PBXGroup section */
		EB33D5F11A278DF000C9D6A6 = {
			isa = PBXGroup;
			children = (
				EB33D5FC1A278DF000C9D6A6 /* Puns */,
				EB33D6121A278DF000C9D6A6 /* PunsTests */,
				EBB8DE451A28390D007B9E9A /* Puns WatchKit Extension */,
				EBB8DE551A28390D007B9E9A /* Puns Watch App */,
				EBB8DE421A28390D007B9E9A /* Frameworks */,
				EB33D5FB1A278DF000C9D6A6 /* Products */,
			);
			sourceTree = "<group>";
		};
		EB33D5FB1A278DF000C9D6A6 /* Products */ = {
			isa = PBXGroup;
			children = (
				EB33D5FA1A278DF000C9D6A6 /* Puns.app */,
				EB33D60F1A278DF000C9D6A6 /* PunsTests.xctest */,
				EBB8DE411A28390D007B9E9A /* Puns WatchKit Extension.appex */,
				EBB8DE511A28390D007B9E9A /* Puns Watch App.app */,
			);
			name = Products;
			sourceTree = "<group>";
		};
		EB33D5FC1A278DF000C9D6A6 /* Puns */ = {
			isa = PBXGroup;
			children = (
				EB33D63A1A27D78700C9D6A6 /* Alamofire.xcodeproj */,
				EB33D5FF1A278DF000C9D6A6 /* AppDelegate.swift */,
				EB33D6011A278DF000C9D6A6 /* ViewController.swift */,
				EB33D61F1A2793AE00C9D6A6 /* PunBook.swift */,
				EBB8DE681A28EEAE007B9E9A /* SwiftyJSON.swift */,
				EB33D6211A279EA700C9D6A6 /* ColorWheel.swift */,
				EB33D6031A278DF000C9D6A6 /* Main.storyboard */,
				EB33D6061A278DF000C9D6A6 /* Images.xcassets */,
				EB33D6081A278DF000C9D6A6 /* LaunchScreen.xib */,
				EB33D5FD1A278DF000C9D6A6 /* Supporting Files */,
			);
			path = Puns;
			sourceTree = "<group>";
		};
		EB33D5FD1A278DF000C9D6A6 /* Supporting Files */ = {
			isa = PBXGroup;
			children = (
				EB33D5FE1A278DF000C9D6A6 /* Info.plist */,
			);
			name = "Supporting Files";
			sourceTree = "<group>";
		};
		EB33D6121A278DF000C9D6A6 /* PunsTests */ = {
			isa = PBXGroup;
			children = (
				EB33D6151A278DF000C9D6A6 /* PunsTests.swift */,
				EB33D6131A278DF000C9D6A6 /* Supporting Files */,
			);
			path = PunsTests;
			sourceTree = "<group>";
		};
		EB33D6131A278DF000C9D6A6 /* Supporting Files */ = {
			isa = PBXGroup;
			children = (
				EB33D6141A278DF000C9D6A6 /* Info.plist */,
			);
			name = "Supporting Files";
			sourceTree = "<group>";
		};
		EB33D6471A27DC3700C9D6A6 /* Products */ = {
			isa = PBXGroup;
			children = (
				EB33D64C1A27DC3700C9D6A6 /* Alamofire.framework */,
				EB33D64E1A27DC3700C9D6A6 /* AlamofireTests.xctest */,
			);
			name = Products;
			sourceTree = "<group>";
		};
		EBB8DE421A28390D007B9E9A /* Frameworks */ = {
			isa = PBXGroup;
			children = (
				EBB8DE431A28390D007B9E9A /* WatchKit.framework */,
			);
			name = Frameworks;
			sourceTree = "<group>";
		};
		EBB8DE451A28390D007B9E9A /* Puns WatchKit Extension */ = {
			isa = PBXGroup;
			children = (
				EBB8DE491A28390D007B9E9A /* InterfaceController.swift */,
				EBB8DE4B1A28390D007B9E9A /* NotificationController.swift */,
				EBB8DE4D1A28390D007B9E9A /* Images.xcassets */,
				EBB8DE461A28390D007B9E9A /* Supporting Files */,
			);
			path = "Puns WatchKit Extension";
			sourceTree = "<group>";
		};
		EBB8DE461A28390D007B9E9A /* Supporting Files */ = {
			isa = PBXGroup;
			children = (
				EBB8DE471A28390D007B9E9A /* Info.plist */,
				EBB8DE481A28390D007B9E9A /* PushNotificationPayload.json */,
			);
			name = "Supporting Files";
			sourceTree = "<group>";
		};
		EBB8DE551A28390D007B9E9A /* Puns Watch App */ = {
			isa = PBXGroup;
			children = (
				EBB8DE581A28390D007B9E9A /* Interface.storyboard */,
				EBB8DE5A1A28390D007B9E9A /* Images.xcassets */,
				EBB8DE561A28390D007B9E9A /* Supporting Files */,
			);
			path = "Puns Watch App";
			sourceTree = "<group>";
		};
		EBB8DE561A28390D007B9E9A /* Supporting Files */ = {
			isa = PBXGroup;
			children = (
				EBB8DE571A28390D007B9E9A /* Info.plist */,
			);
			name = "Supporting Files";
			sourceTree = "<group>";
		};
/* End PBXGroup section */

/* Begin PBXNativeTarget section */
		EB33D5F91A278DF000C9D6A6 /* Puns */ = {
			isa = PBXNativeTarget;
			buildConfigurationList = EB33D6191A278DF000C9D6A6 /* Build configuration list for PBXNativeTarget "Puns" */;
			buildPhases = (
				EB33D5F61A278DF000C9D6A6 /* Sources */,
				EB33D5F71A278DF000C9D6A6 /* Frameworks */,
				EB33D5F81A278DF000C9D6A6 /* Resources */,
				EB33D6451A27DB4200C9D6A6 /* Copy Files (1 item) */,
				EBB8DE671A28390D007B9E9A /* Embed App Extensions */,
			);
			buildRules = (
			);
			dependencies = (
				EBB8DE5D1A28390D007B9E9A /* PBXTargetDependency */,
			);
			name = Puns;
			productName = Puns;
			productReference = EB33D5FA1A278DF000C9D6A6 /* Puns.app */;
			productType = "com.apple.product-type.application";
		};
		EB33D60E1A278DF000C9D6A6 /* PunsTests */ = {
			isa = PBXNativeTarget;
			buildConfigurationList = EB33D61C1A278DF000C9D6A6 /* Build configuration list for PBXNativeTarget "PunsTests" */;
			buildPhases = (
				EB33D60B1A278DF000C9D6A6 /* Sources */,
				EB33D60C1A278DF000C9D6A6 /* Frameworks */,
				EB33D60D1A278DF000C9D6A6 /* Resources */,
			);
			buildRules = (
			);
			dependencies = (
				EB33D6111A278DF000C9D6A6 /* PBXTargetDependency */,
			);
			name = PunsTests;
			productName = PunsTests;
			productReference = EB33D60F1A278DF000C9D6A6 /* PunsTests.xctest */;
			productType = "com.apple.product-type.bundle.unit-test";
		};
		EBB8DE401A28390D007B9E9A /* Puns WatchKit Extension */ = {
			isa = PBXNativeTarget;
			buildConfigurationList = EBB8DE661A28390D007B9E9A /* Build configuration list for PBXNativeTarget "Puns WatchKit Extension" */;
			buildPhases = (
				EBB8DE3D1A28390D007B9E9A /* Sources */,
				EBB8DE3E1A28390D007B9E9A /* Frameworks */,
				EBB8DE3F1A28390D007B9E9A /* Resources */,
			);
			buildRules = (
			);
			dependencies = (
				EBB8DE541A28390D007B9E9A /* PBXTargetDependency */,
			);
			name = "Puns WatchKit Extension";
			productName = "Puns WatchKit Extension";
			productReference = EBB8DE411A28390D007B9E9A /* Puns WatchKit Extension.appex */;
			productType = "com.apple.product-type.watchkit-extension";
		};
		EBB8DE501A28390D007B9E9A /* Puns Watch App */ = {
			isa = PBXNativeTarget;
			buildConfigurationList = EBB8DE651A28390D007B9E9A /* Build configuration list for PBXNativeTarget "Puns Watch App" */;
			buildPhases = (
				EBB8DE4F1A28390D007B9E9A /* Resources */,
			);
			buildRules = (
			);
			dependencies = (
			);
			name = "Puns Watch App";
			productName = "Puns Watch App";
			productReference = EBB8DE511A28390D007B9E9A /* Puns Watch App.app */;
			productType = "com.apple.product-type.application.watchapp";
		};
/* End PBXNativeTarget section */

/* Begin PBXProject section */
		EB33D5F21A278DF000C9D6A6 /* Project object */ = {
			isa = PBXProject;
			attributes = {
				LastUpgradeCheck = 0610;
				ORGANIZATIONNAME = "Niraj Pant";
				TargetAttributes = {
					EB33D5F91A278DF000C9D6A6 = {
						CreatedOnToolsVersion = 6.1;
					};
					EB33D60E1A278DF000C9D6A6 = {
						CreatedOnToolsVersion = 6.1;
						TestTargetID = EB33D5F91A278DF000C9D6A6;
					};
					EBB8DE401A28390D007B9E9A = {
						CreatedOnToolsVersion = 6.2;
					};
					EBB8DE501A28390D007B9E9A = {
						CreatedOnToolsVersion = 6.2;
					};
				};
			};
			buildConfigurationList = EB33D5F51A278DF000C9D6A6 /* Build configuration list for PBXProject "Puns" */;
			compatibilityVersion = "Xcode 3.2";
			developmentRegion = English;
			hasScannedForEncodings = 0;
			knownRegions = (
				en,
				Base,
			);
			mainGroup = EB33D5F11A278DF000C9D6A6;
			productRefGroup = EB33D5FB1A278DF000C9D6A6 /* Products */;
			projectDirPath = "";
			projectReferences = (
				{
					ProductGroup = EB33D6471A27DC3700C9D6A6 /* Products */;
					ProjectRef = EB33D63A1A27D78700C9D6A6 /* Alamofire.xcodeproj */;
				},
			);
			projectRoot = "";
			targets = (
				EB33D5F91A278DF000C9D6A6 /* Puns */,
				EB33D60E1A278DF000C9D6A6 /* PunsTests */,
				EBB8DE401A28390D007B9E9A /* Puns WatchKit Extension */,
				EBB8DE501A28390D007B9E9A /* Puns Watch App */,
			);
		};
/* End PBXProject section */

/* Begin PBXReferenceProxy section */
		EB33D64C1A27DC3700C9D6A6 /* Alamofire.framework */ = {
			isa = PBXReferenceProxy;
			fileType = wrapper.framework;
			path = Alamofire.framework;
			remoteRef = EB33D64B1A27DC3700C9D6A6 /* PBXContainerItemProxy */;
			sourceTree = BUILT_PRODUCTS_DIR;
		};
		EB33D64E1A27DC3700C9D6A6 /* AlamofireTests.xctest */ = {
			isa = PBXReferenceProxy;
			fileType = wrapper.cfbundle;
			path = AlamofireTests.xctest;
			remoteRef = EB33D64D1A27DC3700C9D6A6 /* PBXContainerItemProxy */;
			sourceTree = BUILT_PRODUCTS_DIR;
		};
/* End PBXReferenceProxy section */

/* Begin PBXResourcesBuildPhase section */
		EB33D5F81A278DF000C9D6A6 /* Resources */ = {
			isa = PBXResourcesBuildPhase;
			buildActionMask = 2147483647;
			files = (
				EB33D6051A278DF000C9D6A6 /* Main.storyboard in Resources */,
				EB33D60A1A278DF000C9D6A6 /* LaunchScreen.xib in Resources */,
				EB33D6071A278DF000C9D6A6 /* Images.xcassets in Resources */,
			);
			runOnlyForDeploymentPostprocessing = 0;
		};
		EB33D60D1A278DF000C9D6A6 /* Resources */ = {
			isa = PBXResourcesBuildPhase;
			buildActionMask = 2147483647;
			files = (
			);
			runOnlyForDeploymentPostprocessing = 0;
		};
		EBB8DE3F1A28390D007B9E9A /* Resources */ = {
			isa = PBXResourcesBuildPhase;
			buildActionMask = 2147483647;
			files = (
				EBB8DE4E1A28390D007B9E9A /* Images.xcassets in Resources */,
				EBB8DE521A28390D007B9E9A /* Puns Watch App.app in Resources */,
			);
			runOnlyForDeploymentPostprocessing = 0;
		};
		EBB8DE4F1A28390D007B9E9A /* Resources */ = {
			isa = PBXResourcesBuildPhase;
			buildActionMask = 2147483647;
			files = (
				EBB8DE591A28390D007B9E9A /* Interface.storyboard in Resources */,
				EBB8DE5B1A28390D007B9E9A /* Images.xcassets in Resources */,
			);
			runOnlyForDeploymentPostprocessing = 0;
		};
/* End PBXResourcesBuildPhase section */

/* Begin PBXSourcesBuildPhase section */
		EB33D5F61A278DF000C9D6A6 /* Sources */ = {
			isa = PBXSourcesBuildPhase;
			buildActionMask = 2147483647;
			files = (
				EB33D6201A2793AE00C9D6A6 /* PunBook.swift in Sources */,
				EB33D6021A278DF000C9D6A6 /* ViewController.swift in Sources */,
				EB33D6001A278DF000C9D6A6 /* AppDelegate.swift in Sources */,
				EBB8DE691A28EEAF007B9E9A /* SwiftyJSON.swift in Sources */,
				EB33D6221A279EA700C9D6A6 /* ColorWheel.swift in Sources */,
			);
			runOnlyForDeploymentPostprocessing = 0;
		};
		EB33D60B1A278DF000C9D6A6 /* Sources */ = {
			isa = PBXSourcesBuildPhase;
			buildActionMask = 2147483647;
			files = (
				EB33D6161A278DF000C9D6A6 /* PunsTests.swift in Sources */,
			);
			runOnlyForDeploymentPostprocessing = 0;
		};
		EBB8DE3D1A28390D007B9E9A /* Sources */ = {
			isa = PBXSourcesBuildPhase;
			buildActionMask = 2147483647;
			files = (
				EBB8DE4C1A28390D007B9E9A /* NotificationController.swift in Sources */,
				EBB8DE4A1A28390D007B9E9A /* InterfaceController.swift in Sources */,
			);
			runOnlyForDeploymentPostprocessing = 0;
		};
/* End PBXSourcesBuildPhase section */

/* Begin PBXTargetDependency section */
		EB33D6111A278DF000C9D6A6 /* PBXTargetDependency */ = {
			isa = PBXTargetDependency;
			target = EB33D5F91A278DF000C9D6A6 /* Puns */;
			targetProxy = EB33D6101A278DF000C9D6A6 /* PBXContainerItemProxy */;
		};
		EBB8DE541A28390D007B9E9A /* PBXTargetDependency */ = {
			isa = PBXTargetDependency;
			target = EBB8DE501A28390D007B9E9A /* Puns Watch App */;
			targetProxy = EBB8DE531A28390D007B9E9A /* PBXContainerItemProxy */;
		};
		EBB8DE5D1A28390D007B9E9A /* PBXTargetDependency */ = {
			isa = PBXTargetDependency;
			target = EBB8DE401A28390D007B9E9A /* Puns WatchKit Extension */;
			targetProxy = EBB8DE5C1A28390D007B9E9A /* PBXContainerItemProxy */;
		};
/* End PBXTargetDependency section */

/* Begin PBXVariantGroup section */
		EB33D6031A278DF000C9D6A6 /* Main.storyboard */ = {
			isa = PBXVariantGroup;
			children = (
				EB33D6041A278DF000C9D6A6 /* Base */,
			);
			name = Main.storyboard;
			sourceTree = "<group>";
		};
		EB33D6081A278DF000C9D6A6 /* LaunchScreen.xib */ = {
			isa = PBXVariantGroup;
			children = (
				EB33D6091A278DF000C9D6A6 /* Base */,
			);
			name = LaunchScreen.xib;
			sourceTree = "<group>";
		};
/* End PBXVariantGroup section */

/* Begin XCBuildConfiguration section */
		EB33D6171A278DF000C9D6A6 /* Debug */ = {
			isa = XCBuildConfiguration;
			buildSettings = {
				ALWAYS_SEARCH_USER_PATHS = NO;
				CLANG_CXX_LANGUAGE_STANDARD = "gnu++0x";
				CLANG_CXX_LIBRARY = "libc++";
				CLANG_ENABLE_MODULES = YES;
				CLANG_ENABLE_OBJC_ARC = YES;
				CLANG_WARN_BOOL_CONVERSION = YES;
				CLANG_WARN_CONSTANT_CONVERSION = YES;
				CLANG_WARN_DIRECT_OBJC_ISA_USAGE = YES_ERROR;
				CLANG_WARN_EMPTY_BODY = YES;
				CLANG_WARN_ENUM_CONVERSION = YES;
				CLANG_WARN_INT_CONVERSION = YES;
				CLANG_WARN_OBJC_ROOT_CLASS = YES_ERROR;
				CLANG_WARN_UNREACHABLE_CODE = YES;
				CLANG_WARN__DUPLICATE_METHOD_MATCH = YES;
				"CODE_SIGN_IDENTITY[sdk=iphoneos*]" = "iPhone Developer";
				COPY_PHASE_STRIP = NO;
				ENABLE_STRICT_OBJC_MSGSEND = YES;
				GCC_C_LANGUAGE_STANDARD = gnu99;
				GCC_DYNAMIC_NO_PIC = NO;
				GCC_OPTIMIZATION_LEVEL = 0;
				GCC_PREPROCESSOR_DEFINITIONS = (
					"DEBUG=1",
					"$(inherited)",
				);
				GCC_SYMBOLS_PRIVATE_EXTERN = NO;
				GCC_WARN_64_TO_32_BIT_CONVERSION = YES;
				GCC_WARN_ABOUT_RETURN_TYPE = YES_ERROR;
				GCC_WARN_UNDECLARED_SELECTOR = YES;
				GCC_WARN_UNINITIALIZED_AUTOS = YES_AGGRESSIVE;
				GCC_WARN_UNUSED_FUNCTION = YES;
				GCC_WARN_UNUSED_VARIABLE = YES;
				IPHONEOS_DEPLOYMENT_TARGET = 8.1;
				MTL_ENABLE_DEBUG_INFO = YES;
				ONLY_ACTIVE_ARCH = YES;
				SDKROOT = iphoneos;
				SWIFT_OPTIMIZATION_LEVEL = "-Onone";
			};
			name = Debug;
		};
		EB33D6181A278DF000C9D6A6 /* Release */ = {
			isa = XCBuildConfiguration;
			buildSettings = {
				ALWAYS_SEARCH_USER_PATHS = NO;
				CLANG_CXX_LANGUAGE_STANDARD = "gnu++0x";
				CLANG_CXX_LIBRARY = "libc++";
				CLANG_ENABLE_MODULES = YES;
				CLANG_ENABLE_OBJC_ARC = YES;
				CLANG_WARN_BOOL_CONVERSION = YES;
				CLANG_WARN_CONSTANT_CONVERSION = YES;
				CLANG_WARN_DIRECT_OBJC_ISA_USAGE = YES_ERROR;
				CLANG_WARN_EMPTY_BODY = YES;
				CLANG_WARN_ENUM_CONVERSION = YES;
				CLANG_WARN_INT_CONVERSION = YES;
				CLANG_WARN_OBJC_ROOT_CLASS = YES_ERROR;
				CLANG_WARN_UNREACHABLE_CODE = YES;
				CLANG_WARN__DUPLICATE_METHOD_MATCH = YES;
				"CODE_SIGN_IDENTITY[sdk=iphoneos*]" = "iPhone Developer";
				COPY_PHASE_STRIP = YES;
				ENABLE_NS_ASSERTIONS = NO;
				ENABLE_STRICT_OBJC_MSGSEND = YES;
				GCC_C_LANGUAGE_STANDARD = gnu99;
				GCC_WARN_64_TO_32_BIT_CONVERSION = YES;
				GCC_WARN_ABOUT_RETURN_TYPE = YES_ERROR;
				GCC_WARN_UNDECLARED_SELECTOR = YES;
				GCC_WARN_UNINITIALIZED_AUTOS = YES_AGGRESSIVE;
				GCC_WARN_UNUSED_FUNCTION = YES;
				GCC_WARN_UNUSED_VARIABLE = YES;
				IPHONEOS_DEPLOYMENT_TARGET = 8.1;
				MTL_ENABLE_DEBUG_INFO = NO;
				SDKROOT = iphoneos;
				VALIDATE_PRODUCT = YES;
			};
			name = Release;
		};
		EB33D61A1A278DF000C9D6A6 /* Debug */ = {
			isa = XCBuildConfiguration;
			buildSettings = {
				ASSETCATALOG_COMPILER_APPICON_NAME = AppIcon;
				EMBEDDED_CONTENT_CONTAINS_SWIFT = YES;
				INFOPLIST_FILE = Puns/Info.plist;
				LD_RUNPATH_SEARCH_PATHS = "$(inherited) @executable_path/Frameworks";
				PRODUCT_NAME = "$(TARGET_NAME)";
			};
			name = Debug;
		};
		EB33D61B1A278DF000C9D6A6 /* Release */ = {
			isa = XCBuildConfiguration;
			buildSettings = {
				ASSETCATALOG_COMPILER_APPICON_NAME = AppIcon;
				EMBEDDED_CONTENT_CONTAINS_SWIFT = YES;
				INFOPLIST_FILE = Puns/Info.plist;
				LD_RUNPATH_SEARCH_PATHS = "$(inherited) @executable_path/Frameworks";
				PRODUCT_NAME = "$(TARGET_NAME)";
			};
			name = Release;
		};
		EB33D61D1A278DF000C9D6A6 /* Debug */ = {
			isa = XCBuildConfiguration;
			buildSettings = {
				BUNDLE_LOADER = "$(TEST_HOST)";
				FRAMEWORK_SEARCH_PATHS = (
					"$(SDKROOT)/Developer/Library/Frameworks",
					"$(inherited)",
				);
				GCC_PREPROCESSOR_DEFINITIONS = (
					"DEBUG=1",
					"$(inherited)",
				);
				INFOPLIST_FILE = PunsTests/Info.plist;
				LD_RUNPATH_SEARCH_PATHS = "$(inherited) @executable_path/Frameworks @loader_path/Frameworks";
				PRODUCT_NAME = "$(TARGET_NAME)";
				TEST_HOST = "$(BUILT_PRODUCTS_DIR)/Puns.app/Puns";
			};
			name = Debug;
		};
		EB33D61E1A278DF000C9D6A6 /* Release */ = {
			isa = XCBuildConfiguration;
			buildSettings = {
				BUNDLE_LOADER = "$(TEST_HOST)";
				FRAMEWORK_SEARCH_PATHS = (
					"$(SDKROOT)/Developer/Library/Frameworks",
					"$(inherited)",
				);
				INFOPLIST_FILE = PunsTests/Info.plist;
				LD_RUNPATH_SEARCH_PATHS = "$(inherited) @executable_path/Frameworks @loader_path/Frameworks";
				PRODUCT_NAME = "$(TARGET_NAME)";
				TEST_HOST = "$(BUILT_PRODUCTS_DIR)/Puns.app/Puns";
			};
			name = Release;
		};
		EBB8DE5F1A28390D007B9E9A /* Debug */ = {
			isa = XCBuildConfiguration;
			buildSettings = {
				GCC_PREPROCESSOR_DEFINITIONS = (
					"DEBUG=1",
					"$(inherited)",
				);
				INFOPLIST_FILE = "Puns WatchKit Extension/Info.plist";
				IPHONEOS_DEPLOYMENT_TARGET = 8.2;
				LD_RUNPATH_SEARCH_PATHS = "$(inherited) @executable_path/Frameworks @executable_path/../../Frameworks";
				PRODUCT_NAME = "${TARGET_NAME}";
				SKIP_INSTALL = YES;
			};
			name = Debug;
		};
		EBB8DE601A28390D007B9E9A /* Release */ = {
			isa = XCBuildConfiguration;
			buildSettings = {
				INFOPLIST_FILE = "Puns WatchKit Extension/Info.plist";
				IPHONEOS_DEPLOYMENT_TARGET = 8.2;
				LD_RUNPATH_SEARCH_PATHS = "$(inherited) @executable_path/Frameworks @executable_path/../../Frameworks";
				PRODUCT_NAME = "${TARGET_NAME}";
				SKIP_INSTALL = YES;
			};
			name = Release;
		};
		EBB8DE611A28390D007B9E9A /* Debug */ = {
			isa = XCBuildConfiguration;
			buildSettings = {
				ASSETCATALOG_COMPILER_APPICON_NAME = AppIcon;
				ASSETCATALOG_COMPILER_LAUNCHIMAGE_NAME = LaunchImage;
				GCC_PREPROCESSOR_DEFINITIONS = (
					"DEBUG=1",
					"$(inherited)",
				);
				IBSC_MODULE = Puns_WatchKit_Extension;
				INFOPLIST_FILE = "Puns Watch App/Info.plist";
				IPHONEOS_DEPLOYMENT_TARGET = 8.2;
				PRODUCT_NAME = "$(TARGET_NAME)";
				SKIP_INSTALL = YES;
				TARGETED_DEVICE_FAMILY = 4;
				"TARGETED_DEVICE_FAMILY[sdk=iphonesimulator*]" = "1,4";
			};
			name = Debug;
		};
		EBB8DE621A28390D007B9E9A /* Release */ = {
			isa = XCBuildConfiguration;
			buildSettings = {
				ASSETCATALOG_COMPILER_APPICON_NAME = AppIcon;
				ASSETCATALOG_COMPILER_LAUNCHIMAGE_NAME = LaunchImage;
				IBSC_MODULE = Puns_WatchKit_Extension;
				INFOPLIST_FILE = "Puns Watch App/Info.plist";
				IPHONEOS_DEPLOYMENT_TARGET = 8.2;
				PRODUCT_NAME = "$(TARGET_NAME)";
				SKIP_INSTALL = YES;
				TARGETED_DEVICE_FAMILY = 4;
				"TARGETED_DEVICE_FAMILY[sdk=iphonesimulator*]" = "1,4";
			};
			name = Release;
		};
/* End XCBuildConfiguration section */

/* Begin XCConfigurationList section */
		EB33D5F51A278DF000C9D6A6 /* Build configuration list for PBXProject "Puns" */ = {
			isa = XCConfigurationList;
			buildConfigurations = (
				EB33D6171A278DF000C9D6A6 /* Debug */,
				EB33D6181A278DF000C9D6A6 /* Release */,
			);
			defaultConfigurationIsVisible = 0;
			defaultConfigurationName = Release;
		};
		EB33D6191A278DF000C9D6A6 /* Build configuration list for PBXNativeTarget "Puns" */ = {
			isa = XCConfigurationList;
			buildConfigurations = (
				EB33D61A1A278DF000C9D6A6 /* Debug */,
				EB33D61B1A278DF000C9D6A6 /* Release */,
			);
			defaultConfigurationIsVisible = 0;
			defaultConfigurationName = Release;
		};
		EB33D61C1A278DF000C9D6A6 /* Build configuration list for PBXNativeTarget "PunsTests" */ = {
			isa = XCConfigurationList;
			buildConfigurations = (
				EB33D61D1A278DF000C9D6A6 /* Debug */,
				EB33D61E1A278DF000C9D6A6 /* Release */,
			);
			defaultConfigurationIsVisible = 0;
			defaultConfigurationName = Release;
		};
		EBB8DE651A28390D007B9E9A /* Build configuration list for PBXNativeTarget "Puns Watch App" */ = {
			isa = XCConfigurationList;
			buildConfigurations = (
				EBB8DE611A28390D007B9E9A /* Debug */,
				EBB8DE621A28390D007B9E9A /* Release */,
			);
			defaultConfigurationIsVisible = 0;
			defaultConfigurationName = Release;
		};
		EBB8DE661A28390D007B9E9A /* Build configuration list for PBXNativeTarget "Puns WatchKit Extension" */ = {
			isa = XCConfigurationList;
			buildConfigurations = (
				EBB8DE5F1A28390D007B9E9A /* Debug */,
				EBB8DE601A28390D007B9E9A /* Release */,
			);
			defaultConfigurationIsVisible = 0;
			defaultConfigurationName = Release;
		};
/* End XCConfigurationList section */
	};
	rootObject = EB33D5F21A278DF000C9D6A6 /* Project object */;
}
